
Microsoft Visual Studio Solution File, Format Version 12.00
# Visual Studio Version 17
VisualStudioVersion = 17.5.2.0
MinimumVisualStudioVersion = 10.0.40219.1
Project("{FAE04EC0-301F-11D3-BF4B-00C04F79EFBC}") = "MedicineTrack.Api", "MedicineTrack.Api\MedicineTrack.Api.csproj", "{EFFC01A7-2CD5-CED4-EBF0-E9A07E640ED1}"
EndProject
Project("{FAE04EC0-301F-11D3-BF4B-00C04F79EFBC}") = "MedicineTrack.Tests", "MedicineTrack.Tests\MedicineTrack.Tests.csproj", "{ED26C6C3-6F5C-453F-8A5A-C694965567F6}"
EndProject
Project("{FAE04EC0-301F-11D3-BF4B-00C04F79EFBC}") = "MedicineTrack.AppHost", "MedicineTrack.AppHost\MedicineTrack.AppHost.csproj", "{1D804BA8-5F84-473D-ADF2-12FC0C5DAB17}"
EndProject
Global
	GlobalSection(SolutionConfigurationPlatforms) = preSolution
		Debug|Any CPU = Debug|Any CPU
		Debug|x64 = Debug|x64
		Debug|x86 = Debug|x86
		Release|Any CPU = Release|Any CPU
		Release|x64 = Release|x64
		Release|x86 = Release|x86
	EndGlobalSection
	GlobalSection(ProjectConfigurationPlatforms) = postSolution
		{EFFC01A7-2CD5-CED4-EBF0-E9A07E640ED1}.Debug|Any CPU.ActiveCfg = Debug|Any CPU
		{EFFC01A7-2CD5-CED4-EBF0-E9A07E640ED1}.Debug|Any CPU.Build.0 = Debug|Any CPU
		{EFFC01A7-2CD5-CED4-EBF0-E9A07E640ED1}.Debug|x64.ActiveCfg = Debug|Any CPU
		{EFFC01A7-2CD5-CED4-EBF0-E9A07E640ED1}.Debug|x64.Build.0 = Debug|Any CPU
		{EFFC01A7-2CD5-CED4-EBF0-E9A07E640ED1}.Debug|x86.ActiveCfg = Debug|Any CPU
		{EFFC01A7-2CD5-CED4-EBF0-E9A07E640ED1}.Debug|x86.Build.0 = Debug|Any CPU
		{EFFC01A7-2CD5-CED4-EBF0-E9A07E640ED1}.Release|Any CPU.ActiveCfg = Release|Any CPU
		{EFFC01A7-2CD5-CED4-EBF0-E9A07E640ED1}.Release|Any CPU.Build.0 = Release|Any CPU
		{EFFC01A7-2CD5-CED4-EBF0-E9A07E640ED1}.Release|x64.ActiveCfg = Release|Any CPU
		{EFFC01A7-2CD5-CED4-EBF0-E9A07E640ED1}.Release|x64.Build.0 = Release|Any CPU
		{EFFC01A7-2CD5-CED4-EBF0-E9A07E640ED1}.Release|x86.ActiveCfg = Release|Any CPU
		{EFFC01A7-2CD5-CED4-EBF0-E9A07E640ED1}.Release|x86.Build.0 = Release|Any CPU
		{ED26C6C3-6F5C-453F-8A5A-C694965567F6}.Debug|Any CPU.ActiveCfg = Debug|Any CPU
		{ED26C6C3-6F5C-453F-8A5A-C694965567F6}.Debug|Any CPU.Build.0 = Debug|Any CPU
		{ED26C6C3-6F5C-453F-8A5A-C694965567F6}.Debug|x64.ActiveCfg = Debug|Any CPU
		{ED26C6C3-6F5C-453F-8A5A-C694965567F6}.Debug|x64.Build.0 = Debug|Any CPU
		{ED26C6C3-6F5C-453F-8A5A-C694965567F6}.Debug|x86.ActiveCfg = Debug|Any CPU
		{ED26C6C3-6F5C-453F-8A5A-C694965567F6}.Debug|x86.Build.0 = Debug|Any CPU
		{ED26C6C3-6F5C-453F-8A5A-C694965567F6}.Release|Any CPU.ActiveCfg = Release|Any CPU
		{ED26C6C3-6F5C-453F-8A5A-C694965567F6}.Release|Any CPU.Build.0 = Release|Any CPU
		{ED26C6C3-6F5C-453F-8A5A-C694965567F6}.Release|x64.ActiveCfg = Release|Any CPU
		{ED26C6C3-6F5C-453F-8A5A-C694965567F6}.Release|x64.Build.0 = Release|Any CPU
		{ED26C6C3-6F5C-453F-8A5A-C694965567F6}.Release|x86.ActiveCfg = Release|Any CPU
		{ED26C6C3-6F5C-453F-8A5A-C694965567F6}.Release|x86.Build.0 = Release|Any CPU
		{1D804BA8-5F84-473D-ADF2-12FC0C5DAB17}.Debug|Any CPU.ActiveCfg = Debug|Any CPU
		{1D804BA8-5F84-473D-ADF2-12FC0C5DAB17}.Debug|Any CPU.Build.0 = Debug|Any CPU
		{1D804BA8-5F84-473D-ADF2-12FC0C5DAB17}.Debug|x64.ActiveCfg = Debug|Any CPU
		{1D804BA8-5F84-473D-ADF2-12FC0C5DAB17}.Debug|x64.Build.0 = Debug|Any CPU
		{1D804BA8-5F84-473D-ADF2-12FC0C5DAB17}.Debug|x86.ActiveCfg = Debug|Any CPU
		{1D804BA8-5F84-473D-ADF2-12FC0C5DAB17}.Debug|x86.Build.0 = Debug|Any CPU
		{1D804BA8-5F84-473D-ADF2-12FC0C5DAB17}.Release|Any CPU.ActiveCfg = Release|Any CPU
		{1D804BA8-5F84-473D-ADF2-12FC0C5DAB17}.Release|Any CPU.Build.0 = Release|Any CPU
		{1D804BA8-5F84-473D-ADF2-12FC0C5DAB17}.Release|x64.ActiveCfg = Release|Any CPU
		{1D804BA8-5F84-473D-ADF2-12FC0C5DAB17}.Release|x64.Build.0 = Release|Any CPU
		{1D804BA8-5F84-473D-ADF2-12FC0C5DAB17}.Release|x86.ActiveCfg = Release|Any CPU
		{1D804BA8-5F84-473D-ADF2-12FC0C5DAB17}.Release|x86.Build.0 = Release|Any CPU
	EndGlobalSection
	GlobalSection(SolutionProperties) = preSolution
		HideSolutionNode = FALSE
	EndGlobalSection
	GlobalSection(ExtensibilityGlobals) = postSolution
		SolutionGuid = {626CF4F0-DBFB-40FB-B4CC-251F278B05F2}
	EndGlobalSection
EndGlobal
