
Microsoft Visual Studio Solution File, Format Version 12.00
# Visual Studio Version 17
VisualStudioVersion = 17.5.2.0
MinimumVisualStudioVersion = 10.0.40219.1
Project("{FAE04EC0-301F-11D3-BF4B-00C04F79EFBC}") = "MedicineTrack.Api", "MedicineTrack.Api\MedicineTrack.Api.csproj", "{EFFC01A7-2CD5-CED4-EBF0-E9A07E640ED1}"
EndProject
Project("{FAE04EC0-301F-11D3-BF4B-00C04F79EFBC}") = "MedicineTrack.Tests", "MedicineTrack.Tests\MedicineTrack.Tests.csproj", "{ED26C6C3-6F5C-453F-8A5A-C694965567F6}"
EndProject
Project("{FAE04EC0-301F-11D3-BF4B-00C04F79EFBC}") = "MedicineTrack.AppHost", "MedicineTrack.AppHost\MedicineTrack.AppHost.csproj", "{1D804BA8-5F84-473D-ADF2-12FC0C5DAB17}"
EndProject
Project("{FAE04EC0-301F-11D3-BF4B-00C04F79EFBC}") = "MedicineTrack.Gateway", "MedicineTrack.Gateway\MedicineTrack.Gateway.csproj", "{3D1950AA-3B5B-4D04-A940-ED001BF81062}"
EndProject
Project("{FAE04EC0-301F-11D3-BF4B-00C04F79EFBC}") = "MedicineTrack.Configuration", "MedicineTrack.Configuration\MedicineTrack.Configuration.csproj", "{A09D5A4E-457E-4BD1-834C-C13D936E74E7}"
EndProject
Project("{FAE04EC0-301F-11D3-BF4B-00C04F79EFBC}") = "MedicineTrack.Medication.Data", "MedicineTrack.Medication.Data\MedicineTrack.Medication.Data.csproj", "{B1234567-89AB-CDEF-0123-456789ABCDEF}"
EndProject
Project("{FAE04EC0-301F-11D3-BF4B-00C04F79EFBC}") = "MedicineTrack.Configuration.Data", "MedicineTrack.Configuration.Data\MedicineTrack.Configuration.Data.csproj", "{C1234567-89AB-CDEF-0123-456789ABCDEF}"
EndProject
Project("{FAE04EC0-301F-11D3-BF4B-00C04F79EFBC}") = "MedicineTrack.Medication.Migrations", "MedicineTrack.Medication.Migrations\MedicineTrack.Medication.Migrations.csproj", "{D1234567-89AB-CDEF-0123-456789ABCDEF}"
EndProject
Project("{FAE04EC0-301F-11D3-BF4B-00C04F79EFBC}") = "MedicineTrack.Configuration.Migrations", "MedicineTrack.Configuration.Migrations\MedicineTrack.Configuration.Migrations.csproj", "{E1234567-89AB-CDEF-0123-456789ABCDEF}"
EndProject
Project("{FAE04EC0-301F-11D3-BF4B-00C04F79EFBC}") = "MedicineTrack.End2EndTests", "MedicineTrack.End2EndTests\MedicineTrack.End2EndTests.csproj", "{F1234567-89AB-CDEF-0123-456789ABCDEF}"
EndProject
Project("{FAE04EC0-301F-11D3-BF4B-00C04F79EFBC}") = "MedicineTrack.End2EndTests.Runner", "MedicineTrack.End2EndTests.Runner\MedicineTrack.End2EndTests.Runner.csproj", "{E0BB803C-DAAA-452F-A779-E2BEB07E0D77}"
EndProject
Global
	GlobalSection(SolutionConfigurationPlatforms) = preSolution
		Debug|Any CPU = Debug|Any CPU
		Debug|x64 = Debug|x64
		Debug|x86 = Debug|x86
		Release|Any CPU = Release|Any CPU
		Release|x64 = Release|x64
		Release|x86 = Release|x86
	EndGlobalSection
	GlobalSection(ProjectConfigurationPlatforms) = postSolution
		{EFFC01A7-2CD5-CED4-EBF0-E9A07E640ED1}.Debug|Any CPU.ActiveCfg = Debug|Any CPU
		{EFFC01A7-2CD5-CED4-EBF0-E9A07E640ED1}.Debug|Any CPU.Build.0 = Debug|Any CPU
		{EFFC01A7-2CD5-CED4-EBF0-E9A07E640ED1}.Debug|x64.ActiveCfg = Debug|Any CPU
		{EFFC01A7-2CD5-CED4-EBF0-E9A07E640ED1}.Debug|x64.Build.0 = Debug|Any CPU
		{EFFC01A7-2CD5-CED4-EBF0-E9A07E640ED1}.Debug|x86.ActiveCfg = Debug|Any CPU
		{EFFC01A7-2CD5-CED4-EBF0-E9A07E640ED1}.Debug|x86.Build.0 = Debug|Any CPU
		{EFFC01A7-2CD5-CED4-EBF0-E9A07E640ED1}.Release|Any CPU.ActiveCfg = Release|Any CPU
		{EFFC01A7-2CD5-CED4-EBF0-E9A07E640ED1}.Release|Any CPU.Build.0 = Release|Any CPU
		{EFFC01A7-2CD5-CED4-EBF0-E9A07E640ED1}.Release|x64.ActiveCfg = Release|Any CPU
		{EFFC01A7-2CD5-CED4-EBF0-E9A07E640ED1}.Release|x64.Build.0 = Release|Any CPU
		{EFFC01A7-2CD5-CED4-EBF0-E9A07E640ED1}.Release|x86.ActiveCfg = Release|Any CPU
		{EFFC01A7-2CD5-CED4-EBF0-E9A07E640ED1}.Release|x86.Build.0 = Release|Any CPU
		{ED26C6C3-6F5C-453F-8A5A-C694965567F6}.Debug|Any CPU.ActiveCfg = Debug|Any CPU
		{ED26C6C3-6F5C-453F-8A5A-C694965567F6}.Debug|Any CPU.Build.0 = Debug|Any CPU
		{ED26C6C3-6F5C-453F-8A5A-C694965567F6}.Debug|x64.ActiveCfg = Debug|Any CPU
		{ED26C6C3-6F5C-453F-8A5A-C694965567F6}.Debug|x64.Build.0 = Debug|Any CPU
		{ED26C6C3-6F5C-453F-8A5A-C694965567F6}.Debug|x86.ActiveCfg = Debug|Any CPU
		{ED26C6C3-6F5C-453F-8A5A-C694965567F6}.Debug|x86.Build.0 = Debug|Any CPU
		{ED26C6C3-6F5C-453F-8A5A-C694965567F6}.Release|Any CPU.ActiveCfg = Release|Any CPU
		{ED26C6C3-6F5C-453F-8A5A-C694965567F6}.Release|Any CPU.Build.0 = Release|Any CPU
		{ED26C6C3-6F5C-453F-8A5A-C694965567F6}.Release|x64.ActiveCfg = Release|Any CPU
		{ED26C6C3-6F5C-453F-8A5A-C694965567F6}.Release|x64.Build.0 = Release|Any CPU
		{ED26C6C3-6F5C-453F-8A5A-C694965567F6}.Release|x86.ActiveCfg = Release|Any CPU
		{ED26C6C3-6F5C-453F-8A5A-C694965567F6}.Release|x86.Build.0 = Release|Any CPU
		{1D804BA8-5F84-473D-ADF2-12FC0C5DAB17}.Debug|Any CPU.ActiveCfg = Debug|Any CPU
		{1D804BA8-5F84-473D-ADF2-12FC0C5DAB17}.Debug|Any CPU.Build.0 = Debug|Any CPU
		{1D804BA8-5F84-473D-ADF2-12FC0C5DAB17}.Debug|x64.ActiveCfg = Debug|Any CPU
		{1D804BA8-5F84-473D-ADF2-12FC0C5DAB17}.Debug|x64.Build.0 = Debug|Any CPU
		{1D804BA8-5F84-473D-ADF2-12FC0C5DAB17}.Debug|x86.ActiveCfg = Debug|Any CPU
		{1D804BA8-5F84-473D-ADF2-12FC0C5DAB17}.Debug|x86.Build.0 = Debug|Any CPU
		{1D804BA8-5F84-473D-ADF2-12FC0C5DAB17}.Release|Any CPU.ActiveCfg = Release|Any CPU
		{1D804BA8-5F84-473D-ADF2-12FC0C5DAB17}.Release|Any CPU.Build.0 = Release|Any CPU
		{1D804BA8-5F84-473D-ADF2-12FC0C5DAB17}.Release|x64.ActiveCfg = Release|Any CPU
		{1D804BA8-5F84-473D-ADF2-12FC0C5DAB17}.Release|x64.Build.0 = Release|Any CPU
		{1D804BA8-5F84-473D-ADF2-12FC0C5DAB17}.Release|x86.ActiveCfg = Release|Any CPU
		{1D804BA8-5F84-473D-ADF2-12FC0C5DAB17}.Release|x86.Build.0 = Release|Any CPU
		{3D1950AA-3B5B-4D04-A940-ED001BF81062}.Debug|Any CPU.ActiveCfg = Debug|Any CPU
		{3D1950AA-3B5B-4D04-A940-ED001BF81062}.Debug|Any CPU.Build.0 = Debug|Any CPU
		{3D1950AA-3B5B-4D04-A940-ED001BF81062}.Debug|x64.ActiveCfg = Debug|Any CPU
		{3D1950AA-3B5B-4D04-A940-ED001BF81062}.Debug|x64.Build.0 = Debug|Any CPU
		{3D1950AA-3B5B-4D04-A940-ED001BF81062}.Debug|x86.ActiveCfg = Debug|Any CPU
		{3D1950AA-3B5B-4D04-A940-ED001BF81062}.Debug|x86.Build.0 = Debug|Any CPU
		{3D1950AA-3B5B-4D04-A940-ED001BF81062}.Release|Any CPU.ActiveCfg = Release|Any CPU
		{3D1950AA-3B5B-4D04-A940-ED001BF81062}.Release|Any CPU.Build.0 = Release|Any CPU
		{3D1950AA-3B5B-4D04-A940-ED001BF81062}.Release|x64.ActiveCfg = Release|Any CPU
		{3D1950AA-3B5B-4D04-A940-ED001BF81062}.Release|x64.Build.0 = Release|Any CPU
		{3D1950AA-3B5B-4D04-A940-ED001BF81062}.Release|x86.ActiveCfg = Release|Any CPU
		{3D1950AA-3B5B-4D04-A940-ED001BF81062}.Release|x86.Build.0 = Release|Any CPU
		{A09D5A4E-457E-4BD1-834C-C13D936E74E7}.Debug|Any CPU.ActiveCfg = Debug|Any CPU
		{A09D5A4E-457E-4BD1-834C-C13D936E74E7}.Debug|Any CPU.Build.0 = Debug|Any CPU
		{A09D5A4E-457E-4BD1-834C-C13D936E74E7}.Debug|x64.ActiveCfg = Debug|Any CPU
		{A09D5A4E-457E-4BD1-834C-C13D936E74E7}.Debug|x64.Build.0 = Debug|Any CPU
		{A09D5A4E-457E-4BD1-834C-C13D936E74E7}.Debug|x86.ActiveCfg = Debug|Any CPU
		{A09D5A4E-457E-4BD1-834C-C13D936E74E7}.Debug|x86.Build.0 = Debug|Any CPU
		{A09D5A4E-457E-4BD1-834C-C13D936E74E7}.Release|Any CPU.ActiveCfg = Release|Any CPU
		{A09D5A4E-457E-4BD1-834C-C13D936E74E7}.Release|Any CPU.Build.0 = Release|Any CPU
		{A09D5A4E-457E-4BD1-834C-C13D936E74E7}.Release|x64.ActiveCfg = Release|Any CPU
		{A09D5A4E-457E-4BD1-834C-C13D936E74E7}.Release|x64.Build.0 = Release|Any CPU
		{A09D5A4E-457E-4BD1-834C-C13D936E74E7}.Release|x86.ActiveCfg = Release|Any CPU
		{A09D5A4E-457E-4BD1-834C-C13D936E74E7}.Release|x86.Build.0 = Release|Any CPU
		{B1234567-89AB-CDEF-0123-456789ABCDEF}.Debug|Any CPU.ActiveCfg = Debug|Any CPU
		{B1234567-89AB-CDEF-0123-456789ABCDEF}.Debug|Any CPU.Build.0 = Debug|Any CPU
		{B1234567-89AB-CDEF-0123-456789ABCDEF}.Debug|x64.ActiveCfg = Debug|Any CPU
		{B1234567-89AB-CDEF-0123-456789ABCDEF}.Debug|x64.Build.0 = Debug|Any CPU
		{B1234567-89AB-CDEF-0123-456789ABCDEF}.Debug|x86.ActiveCfg = Debug|Any CPU
		{B1234567-89AB-CDEF-0123-456789ABCDEF}.Debug|x86.Build.0 = Debug|Any CPU
		{B1234567-89AB-CDEF-0123-456789ABCDEF}.Release|Any CPU.ActiveCfg = Release|Any CPU
		{B1234567-89AB-CDEF-0123-456789ABCDEF}.Release|Any CPU.Build.0 = Release|Any CPU
		{B1234567-89AB-CDEF-0123-456789ABCDEF}.Release|x64.ActiveCfg = Release|Any CPU
		{B1234567-89AB-CDEF-0123-456789ABCDEF}.Release|x64.Build.0 = Release|Any CPU
		{B1234567-89AB-CDEF-0123-456789ABCDEF}.Release|x86.ActiveCfg = Release|Any CPU
		{B1234567-89AB-CDEF-0123-456789ABCDEF}.Release|x86.Build.0 = Release|Any CPU
		{C1234567-89AB-CDEF-0123-456789ABCDEF}.Debug|Any CPU.ActiveCfg = Debug|Any CPU
		{C1234567-89AB-CDEF-0123-456789ABCDEF}.Debug|Any CPU.Build.0 = Debug|Any CPU
		{C1234567-89AB-CDEF-0123-456789ABCDEF}.Debug|x64.ActiveCfg = Debug|Any CPU
		{C1234567-89AB-CDEF-0123-456789ABCDEF}.Debug|x64.Build.0 = Debug|Any CPU
		{C1234567-89AB-CDEF-0123-456789ABCDEF}.Debug|x86.ActiveCfg = Debug|Any CPU
		{C1234567-89AB-CDEF-0123-456789ABCDEF}.Debug|x86.Build.0 = Debug|Any CPU
		{C1234567-89AB-CDEF-0123-456789ABCDEF}.Release|Any CPU.ActiveCfg = Release|Any CPU
		{C1234567-89AB-CDEF-0123-456789ABCDEF}.Release|Any CPU.Build.0 = Release|Any CPU
		{C1234567-89AB-CDEF-0123-456789ABCDEF}.Release|x64.ActiveCfg = Release|Any CPU
		{C1234567-89AB-CDEF-0123-456789ABCDEF}.Release|x64.Build.0 = Release|Any CPU
		{C1234567-89AB-CDEF-0123-456789ABCDEF}.Release|x86.ActiveCfg = Release|Any CPU
		{C1234567-89AB-CDEF-0123-456789ABCDEF}.Release|x86.Build.0 = Release|Any CPU
		{D1234567-89AB-CDEF-0123-456789ABCDEF}.Debug|Any CPU.ActiveCfg = Debug|Any CPU
		{D1234567-89AB-CDEF-0123-456789ABCDEF}.Debug|Any CPU.Build.0 = Debug|Any CPU
		{D1234567-89AB-CDEF-0123-456789ABCDEF}.Debug|x64.ActiveCfg = Debug|Any CPU
		{D1234567-89AB-CDEF-0123-456789ABCDEF}.Debug|x64.Build.0 = Debug|Any CPU
		{D1234567-89AB-CDEF-0123-456789ABCDEF}.Debug|x86.ActiveCfg = Debug|Any CPU
		{D1234567-89AB-CDEF-0123-456789ABCDEF}.Debug|x86.Build.0 = Debug|Any CPU
		{D1234567-89AB-CDEF-0123-456789ABCDEF}.Release|Any CPU.ActiveCfg = Release|Any CPU
		{D1234567-89AB-CDEF-0123-456789ABCDEF}.Release|Any CPU.Build.0 = Release|Any CPU
		{D1234567-89AB-CDEF-0123-456789ABCDEF}.Release|x64.ActiveCfg = Release|Any CPU
		{D1234567-89AB-CDEF-0123-456789ABCDEF}.Release|x64.Build.0 = Release|Any CPU
		{D1234567-89AB-CDEF-0123-456789ABCDEF}.Release|x86.ActiveCfg = Release|Any CPU
		{D1234567-89AB-CDEF-0123-456789ABCDEF}.Release|x86.Build.0 = Release|Any CPU
		{E1234567-89AB-CDEF-0123-456789ABCDEF}.Debug|Any CPU.ActiveCfg = Debug|Any CPU
		{E1234567-89AB-CDEF-0123-456789ABCDEF}.Debug|Any CPU.Build.0 = Debug|Any CPU
		{E1234567-89AB-CDEF-0123-456789ABCDEF}.Debug|x64.ActiveCfg = Debug|Any CPU
		{E1234567-89AB-CDEF-0123-456789ABCDEF}.Debug|x64.Build.0 = Debug|Any CPU
		{E1234567-89AB-CDEF-0123-456789ABCDEF}.Debug|x86.ActiveCfg = Debug|Any CPU
		{E1234567-89AB-CDEF-0123-456789ABCDEF}.Debug|x86.Build.0 = Debug|Any CPU
		{E1234567-89AB-CDEF-0123-456789ABCDEF}.Release|Any CPU.ActiveCfg = Release|Any CPU
		{E1234567-89AB-CDEF-0123-456789ABCDEF}.Release|Any CPU.Build.0 = Release|Any CPU
		{E1234567-89AB-CDEF-0123-456789ABCDEF}.Release|x64.ActiveCfg = Release|Any CPU
		{E1234567-89AB-CDEF-0123-456789ABCDEF}.Release|x64.Build.0 = Release|Any CPU
		{E1234567-89AB-CDEF-0123-456789ABCDEF}.Release|x86.ActiveCfg = Release|Any CPU
		{E1234567-89AB-CDEF-0123-456789ABCDEF}.Release|x86.Build.0 = Release|Any CPU
		{F1234567-89AB-CDEF-0123-456789ABCDEF}.Debug|Any CPU.ActiveCfg = Debug|Any CPU
		{F1234567-89AB-CDEF-0123-456789ABCDEF}.Debug|Any CPU.Build.0 = Debug|Any CPU
		{F1234567-89AB-CDEF-0123-456789ABCDEF}.Debug|x64.ActiveCfg = Debug|Any CPU
		{F1234567-89AB-CDEF-0123-456789ABCDEF}.Debug|x64.Build.0 = Debug|Any CPU
		{F1234567-89AB-CDEF-0123-456789ABCDEF}.Debug|x86.ActiveCfg = Debug|Any CPU
		{F1234567-89AB-CDEF-0123-456789ABCDEF}.Debug|x86.Build.0 = Debug|Any CPU
		{F1234567-89AB-CDEF-0123-456789ABCDEF}.Release|Any CPU.ActiveCfg = Release|Any CPU
		{F1234567-89AB-CDEF-0123-456789ABCDEF}.Release|Any CPU.Build.0 = Release|Any CPU
		{F1234567-89AB-CDEF-0123-456789ABCDEF}.Release|x64.ActiveCfg = Release|Any CPU
		{F1234567-89AB-CDEF-0123-456789ABCDEF}.Release|x64.Build.0 = Release|Any CPU
		{F1234567-89AB-CDEF-0123-456789ABCDEF}.Release|x86.ActiveCfg = Release|Any CPU
		{F1234567-89AB-CDEF-0123-456789ABCDEF}.Release|x86.Build.0 = Release|Any CPU
		{E0BB803C-DAAA-452F-A779-E2BEB07E0D77}.Debug|Any CPU.ActiveCfg = Debug|Any CPU
		{E0BB803C-DAAA-452F-A779-E2BEB07E0D77}.Debug|Any CPU.Build.0 = Debug|Any CPU
		{E0BB803C-DAAA-452F-A779-E2BEB07E0D77}.Debug|x64.ActiveCfg = Debug|Any CPU
		{E0BB803C-DAAA-452F-A779-E2BEB07E0D77}.Debug|x64.Build.0 = Debug|Any CPU
		{E0BB803C-DAAA-452F-A779-E2BEB07E0D77}.Debug|x86.ActiveCfg = Debug|Any CPU
		{E0BB803C-DAAA-452F-A779-E2BEB07E0D77}.Debug|x86.Build.0 = Debug|Any CPU
		{E0BB803C-DAAA-452F-A779-E2BEB07E0D77}.Release|Any CPU.ActiveCfg = Release|Any CPU
		{E0BB803C-DAAA-452F-A779-E2BEB07E0D77}.Release|Any CPU.Build.0 = Release|Any CPU
		{E0BB803C-DAAA-452F-A779-E2BEB07E0D77}.Release|x64.ActiveCfg = Release|Any CPU
		{E0BB803C-DAAA-452F-A779-E2BEB07E0D77}.Release|x64.Build.0 = Release|Any CPU
		{E0BB803C-DAAA-452F-A779-E2BEB07E0D77}.Release|x86.ActiveCfg = Release|Any CPU
		{E0BB803C-DAAA-452F-A779-E2BEB07E0D77}.Release|x86.Build.0 = Release|Any CPU
	EndGlobalSection
	GlobalSection(SolutionProperties) = preSolution
		HideSolutionNode = FALSE
	EndGlobalSection
	GlobalSection(ExtensibilityGlobals) = postSolution
		SolutionGuid = {626CF4F0-DBFB-40FB-B4CC-251F278B05F2}
	EndGlobalSection
EndGlobal
